<Solution>
  <Configurations>
    <Platform Name="x64" />
    <Platform Name="x86" />
  </Configurations>
  <Project Path="AlertsTests/AlertsTests.vcxproj" />
  <Project Path="InventoryTests/InventoryTests.vcxproj" />
  <Project Path="Configtests/Configtests.vcxproj" />
  <Project Path="Utilitiestests/Utilitiestests.vcxproj" />
  <Project Path="WarehouseManagementSystem/WarehouseManagementSystem.vcxproj" Id="9654c48c-644e-4b49-b45d-c96f2cee5cd7" />
</Solution>
