<?xml version="1.0" encoding="utf-8"?>
<Project ToolsVersion="4.0" xmlns="http://schemas.microsoft.com/developer/msbuild/2003">
  <ItemGroup>
    <Filter Include="Source Files"><UniqueIdentifier>{4FC737F1-C7A5-4376-A066-2A32D752A2FF}</UniqueIdentifier></Filter>
    <Filter Include="Header Files"><UniqueIdentifier>{93995380-89BD-4b04-88EB-625FBE52EBFB}</UniqueIdentifier></Filter>
  </ItemGroup>
  <ItemGroup>
    <ClCompile Include="Logger.c"><Filter>Source Files</Filter></ClCompile>
    <ClCompile Include="alerts.c"><Filter>Source Files</Filter></ClCompile>
    <ClCompile Include="authentication.c"><Filter>Source Files</Filter></ClCompile>
    <ClCompile Include="config.c"><Filter>Source Files</Filter></ClCompile>
    <ClCompile Include="inventory.c"><Filter>Source Files</Filter></ClCompile>
    <ClCompile Include="main.c"><Filter>Source Files</Filter></ClCompile>
    <ClCompile Include="orders.c"><Filter>Source Files</Filter></ClCompile>
    <ClCompile Include="search.c"><Filter>Source Files</Filter></ClCompile>
    <ClCompile Include="utilities.c"><Filter>Source Files</Filter></ClCompile>
  </ItemGroup>
  <ItemGroup>
    <ClInclude Include="Logger.h"><Filter>Header Files</Filter></ClInclude>
    <ClInclude Include="alerts.h"><Filter>Header Files</Filter></ClInclude>
    <ClInclude Include="authentication.h"><Filter>Header Files</Filter></ClInclude>
    <ClInclude Include="config.h"><Filter>Header Files</Filter></ClInclude>
    <ClInclude Include="inventory.h"><Filter>Header Files</Filter></ClInclude>
    <ClInclude Include="orders.h"><Filter>Header Files</Filter></ClInclude>
    <ClInclude Include="search.h"><Filter>Header Files</Filter></ClInclude>
    <ClInclude Include="utilities.h"><Filter>Header Files</Filter></ClInclude>
  </ItemGroup>
  <ItemGroup><Text Include="config.txt" /></ItemGroup>
</Project>
